
Microsoft Visual Studio Solution File, Format Version 12.00
# Visual Studio 15
VisualStudioVersion = 15.0.26124.0
MinimumVisualStudioVersion = 15.0.26124.0
Project("{FAE04EC0-301F-11D3-BF4B-00C04F79EFBC}") = "Penguin.Cms.Auditing.Local", "Penguin.Cms.Auditing.Local.csproj", "{E2611356-7A6E-4FE4-8CF6-554BFD567691}"
EndProject
Project("{FAE04EC0-301F-11D3-BF4B-00C04F79EFBC}") = "Penguin.Auditing.Abstractions.Local", "..\Penguin.Auditing.Abstractions\Penguin.Auditing.Abstractions.Local.csproj", "{6FBAC460-1383-45ED-9805-EAFFBBC1E381}"
EndProject
Project("{FAE04EC0-301F-11D3-BF4B-00C04F79EFBC}") = "Penguin.Cms.Abstractions.Local", "..\Penguin.Cms.Abstractions\Penguin.Cms.Abstractions.Local.csproj", "{24CA00EE-94CC-4ABE-B3F2-14DCB5378C27}"
EndProject
Project("{FAE04EC0-301F-11D3-BF4B-00C04F79EFBC}") = "Penguin.DependencyInjection.Abstractions.Local", "..\Penguin.DependencyInjection.Abstractions\Penguin.DependencyInjection.Abstractions.Local.csproj", "{96BB1B90-7894-4E1E-A9D0-597EC64AB419}"
EndProject
Project("{FAE04EC0-301F-11D3-BF4B-00C04F79EFBC}") = "Penguin.Persistence.Abstractions.Local", "..\Penguin.Persistence.Abstractions\Penguin.Persistence.Abstractions.Local.csproj", "{5C5BCC9A-E161-4EF1-8207-800B57E7EDBF}"
EndProject
Project("{FAE04EC0-301F-11D3-BF4B-00C04F79EFBC}") = "Penguin.Entities.Abstractions.Local", "..\Penguin.Entities.Abstractions\Penguin.Entities.Abstractions.Local.csproj", "{7C8CFD03-99B8-4D99-BC65-8F56AE9FFDB6}"
EndProject
Project("{FAE04EC0-301F-11D3-BF4B-00C04F79EFBC}") = "Penguin.Reflection.Extensions.Local", "..\Penguin.Reflection.Extensions\Penguin.Reflection.Extensions.Local.csproj", "{3E058347-0F6D-479D-A992-C1549235C0C0}"
EndProject
Project("{FAE04EC0-301F-11D3-BF4B-00C04F79EFBC}") = "Penguin.Extensions.String.Local", "..\Penguin.Extensions.String\Penguin.Extensions.String.Local.csproj", "{B4C90965-9B64-4E4C-92C9-062E2857C667}"
EndProject
Project("{FAE04EC0-301F-11D3-BF4B-00C04F79EFBC}") = "Penguin.Reflection.Abstractions.Local", "..\Penguin.Reflection.Abstractions\Penguin.Reflection.Abstractions.Local.csproj", "{44C5FD62-F6DA-47B0-A30E-F1C60ACE812E}"
EndProject
Project("{FAE04EC0-301F-11D3-BF4B-00C04F79EFBC}") = "Penguin.Cms.Entities.Local", "..\Penguin.Cms.Entities\Penguin.Cms.Entities.Local.csproj", "{9BF4D21F-A761-44F5-9D89-95B5D7F50032}"
EndProject
Global
	GlobalSection(SolutionConfigurationPlatforms) = preSolution
		Debug|Any CPU = Debug|Any CPU
		Debug|x64 = Debug|x64
		Debug|x86 = Debug|x86
		Release|Any CPU = Release|Any CPU
		Release|x64 = Release|x64
		Release|x86 = Release|x86
	EndGlobalSection
	GlobalSection(SolutionProperties) = preSolution
		HideSolutionNode = FALSE
	EndGlobalSection
	GlobalSection(ProjectConfigurationPlatforms) = postSolution
		{E2611356-7A6E-4FE4-8CF6-554BFD567691}.Debug|Any CPU.ActiveCfg = Debug|Any CPU
		{E2611356-7A6E-4FE4-8CF6-554BFD567691}.Debug|Any CPU.Build.0 = Debug|Any CPU
		{E2611356-7A6E-4FE4-8CF6-554BFD567691}.Debug|x64.ActiveCfg = Debug|Any CPU
		{E2611356-7A6E-4FE4-8CF6-554BFD567691}.Debug|x64.Build.0 = Debug|Any CPU
		{E2611356-7A6E-4FE4-8CF6-554BFD567691}.Debug|x86.ActiveCfg = Debug|Any CPU
		{E2611356-7A6E-4FE4-8CF6-554BFD567691}.Debug|x86.Build.0 = Debug|Any CPU
		{E2611356-7A6E-4FE4-8CF6-554BFD567691}.Release|Any CPU.ActiveCfg = Release|Any CPU
		{E2611356-7A6E-4FE4-8CF6-554BFD567691}.Release|Any CPU.Build.0 = Release|Any CPU
		{E2611356-7A6E-4FE4-8CF6-554BFD567691}.Release|x64.ActiveCfg = Release|Any CPU
		{E2611356-7A6E-4FE4-8CF6-554BFD567691}.Release|x64.Build.0 = Release|Any CPU
		{E2611356-7A6E-4FE4-8CF6-554BFD567691}.Release|x86.ActiveCfg = Release|Any CPU
		{E2611356-7A6E-4FE4-8CF6-554BFD567691}.Release|x86.Build.0 = Release|Any CPU
		{6FBAC460-1383-45ED-9805-EAFFBBC1E381}.Debug|Any CPU.ActiveCfg = Debug|Any CPU
		{6FBAC460-1383-45ED-9805-EAFFBBC1E381}.Debug|Any CPU.Build.0 = Debug|Any CPU
		{6FBAC460-1383-45ED-9805-EAFFBBC1E381}.Debug|x64.ActiveCfg = Debug|Any CPU
		{6FBAC460-1383-45ED-9805-EAFFBBC1E381}.Debug|x64.Build.0 = Debug|Any CPU
		{6FBAC460-1383-45ED-9805-EAFFBBC1E381}.Debug|x86.ActiveCfg = Debug|Any CPU
		{6FBAC460-1383-45ED-9805-EAFFBBC1E381}.Debug|x86.Build.0 = Debug|Any CPU
		{6FBAC460-1383-45ED-9805-EAFFBBC1E381}.Release|Any CPU.ActiveCfg = Release|Any CPU
		{6FBAC460-1383-45ED-9805-EAFFBBC1E381}.Release|Any CPU.Build.0 = Release|Any CPU
		{6FBAC460-1383-45ED-9805-EAFFBBC1E381}.Release|x64.ActiveCfg = Release|Any CPU
		{6FBAC460-1383-45ED-9805-EAFFBBC1E381}.Release|x64.Build.0 = Release|Any CPU
		{6FBAC460-1383-45ED-9805-EAFFBBC1E381}.Release|x86.ActiveCfg = Release|Any CPU
		{6FBAC460-1383-45ED-9805-EAFFBBC1E381}.Release|x86.Build.0 = Release|Any CPU
		{24CA00EE-94CC-4ABE-B3F2-14DCB5378C27}.Debug|Any CPU.ActiveCfg = Debug|Any CPU
		{24CA00EE-94CC-4ABE-B3F2-14DCB5378C27}.Debug|Any CPU.Build.0 = Debug|Any CPU
		{24CA00EE-94CC-4ABE-B3F2-14DCB5378C27}.Debug|x64.ActiveCfg = Debug|Any CPU
		{24CA00EE-94CC-4ABE-B3F2-14DCB5378C27}.Debug|x64.Build.0 = Debug|Any CPU
		{24CA00EE-94CC-4ABE-B3F2-14DCB5378C27}.Debug|x86.ActiveCfg = Debug|Any CPU
		{24CA00EE-94CC-4ABE-B3F2-14DCB5378C27}.Debug|x86.Build.0 = Debug|Any CPU
		{24CA00EE-94CC-4ABE-B3F2-14DCB5378C27}.Release|Any CPU.ActiveCfg = Release|Any CPU
		{24CA00EE-94CC-4ABE-B3F2-14DCB5378C27}.Release|Any CPU.Build.0 = Release|Any CPU
		{24CA00EE-94CC-4ABE-B3F2-14DCB5378C27}.Release|x64.ActiveCfg = Release|Any CPU
		{24CA00EE-94CC-4ABE-B3F2-14DCB5378C27}.Release|x64.Build.0 = Release|Any CPU
		{24CA00EE-94CC-4ABE-B3F2-14DCB5378C27}.Release|x86.ActiveCfg = Release|Any CPU
		{24CA00EE-94CC-4ABE-B3F2-14DCB5378C27}.Release|x86.Build.0 = Release|Any CPU
		{96BB1B90-7894-4E1E-A9D0-597EC64AB419}.Debug|Any CPU.ActiveCfg = Debug|Any CPU
		{96BB1B90-7894-4E1E-A9D0-597EC64AB419}.Debug|Any CPU.Build.0 = Debug|Any CPU
		{96BB1B90-7894-4E1E-A9D0-597EC64AB419}.Debug|x64.ActiveCfg = Debug|Any CPU
		{96BB1B90-7894-4E1E-A9D0-597EC64AB419}.Debug|x64.Build.0 = Debug|Any CPU
		{96BB1B90-7894-4E1E-A9D0-597EC64AB419}.Debug|x86.ActiveCfg = Debug|Any CPU
		{96BB1B90-7894-4E1E-A9D0-597EC64AB419}.Debug|x86.Build.0 = Debug|Any CPU
		{96BB1B90-7894-4E1E-A9D0-597EC64AB419}.Release|Any CPU.ActiveCfg = Release|Any CPU
		{96BB1B90-7894-4E1E-A9D0-597EC64AB419}.Release|Any CPU.Build.0 = Release|Any CPU
		{96BB1B90-7894-4E1E-A9D0-597EC64AB419}.Release|x64.ActiveCfg = Release|Any CPU
		{96BB1B90-7894-4E1E-A9D0-597EC64AB419}.Release|x64.Build.0 = Release|Any CPU
		{96BB1B90-7894-4E1E-A9D0-597EC64AB419}.Release|x86.ActiveCfg = Release|Any CPU
		{96BB1B90-7894-4E1E-A9D0-597EC64AB419}.Release|x86.Build.0 = Release|Any CPU
		{5C5BCC9A-E161-4EF1-8207-800B57E7EDBF}.Debug|Any CPU.ActiveCfg = Debug|Any CPU
		{5C5BCC9A-E161-4EF1-8207-800B57E7EDBF}.Debug|Any CPU.Build.0 = Debug|Any CPU
		{5C5BCC9A-E161-4EF1-8207-800B57E7EDBF}.Debug|x64.ActiveCfg = Debug|Any CPU
		{5C5BCC9A-E161-4EF1-8207-800B57E7EDBF}.Debug|x64.Build.0 = Debug|Any CPU
		{5C5BCC9A-E161-4EF1-8207-800B57E7EDBF}.Debug|x86.ActiveCfg = Debug|Any CPU
		{5C5BCC9A-E161-4EF1-8207-800B57E7EDBF}.Debug|x86.Build.0 = Debug|Any CPU
		{5C5BCC9A-E161-4EF1-8207-800B57E7EDBF}.Release|Any CPU.ActiveCfg = Release|Any CPU
		{5C5BCC9A-E161-4EF1-8207-800B57E7EDBF}.Release|Any CPU.Build.0 = Release|Any CPU
		{5C5BCC9A-E161-4EF1-8207-800B57E7EDBF}.Release|x64.ActiveCfg = Release|Any CPU
		{5C5BCC9A-E161-4EF1-8207-800B57E7EDBF}.Release|x64.Build.0 = Release|Any CPU
		{5C5BCC9A-E161-4EF1-8207-800B57E7EDBF}.Release|x86.ActiveCfg = Release|Any CPU
		{5C5BCC9A-E161-4EF1-8207-800B57E7EDBF}.Release|x86.Build.0 = Release|Any CPU
		{7C8CFD03-99B8-4D99-BC65-8F56AE9FFDB6}.Debug|Any CPU.ActiveCfg = Debug|Any CPU
		{7C8CFD03-99B8-4D99-BC65-8F56AE9FFDB6}.Debug|Any CPU.Build.0 = Debug|Any CPU
		{7C8CFD03-99B8-4D99-BC65-8F56AE9FFDB6}.Debug|x64.ActiveCfg = Debug|Any CPU
		{7C8CFD03-99B8-4D99-BC65-8F56AE9FFDB6}.Debug|x64.Build.0 = Debug|Any CPU
		{7C8CFD03-99B8-4D99-BC65-8F56AE9FFDB6}.Debug|x86.ActiveCfg = Debug|Any CPU
		{7C8CFD03-99B8-4D99-BC65-8F56AE9FFDB6}.Debug|x86.Build.0 = Debug|Any CPU
		{7C8CFD03-99B8-4D99-BC65-8F56AE9FFDB6}.Release|Any CPU.ActiveCfg = Release|Any CPU
		{7C8CFD03-99B8-4D99-BC65-8F56AE9FFDB6}.Release|Any CPU.Build.0 = Release|Any CPU
		{7C8CFD03-99B8-4D99-BC65-8F56AE9FFDB6}.Release|x64.ActiveCfg = Release|Any CPU
		{7C8CFD03-99B8-4D99-BC65-8F56AE9FFDB6}.Release|x64.Build.0 = Release|Any CPU
		{7C8CFD03-99B8-4D99-BC65-8F56AE9FFDB6}.Release|x86.ActiveCfg = Release|Any CPU
		{7C8CFD03-99B8-4D99-BC65-8F56AE9FFDB6}.Release|x86.Build.0 = Release|Any CPU
		{3E058347-0F6D-479D-A992-C1549235C0C0}.Debug|Any CPU.ActiveCfg = Debug|Any CPU
		{3E058347-0F6D-479D-A992-C1549235C0C0}.Debug|Any CPU.Build.0 = Debug|Any CPU
		{3E058347-0F6D-479D-A992-C1549235C0C0}.Debug|x64.ActiveCfg = Debug|Any CPU
		{3E058347-0F6D-479D-A992-C1549235C0C0}.Debug|x64.Build.0 = Debug|Any CPU
		{3E058347-0F6D-479D-A992-C1549235C0C0}.Debug|x86.ActiveCfg = Debug|Any CPU
		{3E058347-0F6D-479D-A992-C1549235C0C0}.Debug|x86.Build.0 = Debug|Any CPU
		{3E058347-0F6D-479D-A992-C1549235C0C0}.Release|Any CPU.ActiveCfg = Release|Any CPU
		{3E058347-0F6D-479D-A992-C1549235C0C0}.Release|Any CPU.Build.0 = Release|Any CPU
		{3E058347-0F6D-479D-A992-C1549235C0C0}.Release|x64.ActiveCfg = Release|Any CPU
		{3E058347-0F6D-479D-A992-C1549235C0C0}.Release|x64.Build.0 = Release|Any CPU
		{3E058347-0F6D-479D-A992-C1549235C0C0}.Release|x86.ActiveCfg = Release|Any CPU
		{3E058347-0F6D-479D-A992-C1549235C0C0}.Release|x86.Build.0 = Release|Any CPU
		{B4C90965-9B64-4E4C-92C9-062E2857C667}.Debug|Any CPU.ActiveCfg = Debug|Any CPU
		{B4C90965-9B64-4E4C-92C9-062E2857C667}.Debug|Any CPU.Build.0 = Debug|Any CPU
		{B4C90965-9B64-4E4C-92C9-062E2857C667}.Debug|x64.ActiveCfg = Debug|Any CPU
		{B4C90965-9B64-4E4C-92C9-062E2857C667}.Debug|x64.Build.0 = Debug|Any CPU
		{B4C90965-9B64-4E4C-92C9-062E2857C667}.Debug|x86.ActiveCfg = Debug|Any CPU
		{B4C90965-9B64-4E4C-92C9-062E2857C667}.Debug|x86.Build.0 = Debug|Any CPU
		{B4C90965-9B64-4E4C-92C9-062E2857C667}.Release|Any CPU.ActiveCfg = Release|Any CPU
		{B4C90965-9B64-4E4C-92C9-062E2857C667}.Release|Any CPU.Build.0 = Release|Any CPU
		{B4C90965-9B64-4E4C-92C9-062E2857C667}.Release|x64.ActiveCfg = Release|Any CPU
		{B4C90965-9B64-4E4C-92C9-062E2857C667}.Release|x64.Build.0 = Release|Any CPU
		{B4C90965-9B64-4E4C-92C9-062E2857C667}.Release|x86.ActiveCfg = Release|Any CPU
		{B4C90965-9B64-4E4C-92C9-062E2857C667}.Release|x86.Build.0 = Release|Any CPU
		{44C5FD62-F6DA-47B0-A30E-F1C60ACE812E}.Debug|Any CPU.ActiveCfg = Debug|Any CPU
		{44C5FD62-F6DA-47B0-A30E-F1C60ACE812E}.Debug|Any CPU.Build.0 = Debug|Any CPU
		{44C5FD62-F6DA-47B0-A30E-F1C60ACE812E}.Debug|x64.ActiveCfg = Debug|Any CPU
		{44C5FD62-F6DA-47B0-A30E-F1C60ACE812E}.Debug|x64.Build.0 = Debug|Any CPU
		{44C5FD62-F6DA-47B0-A30E-F1C60ACE812E}.Debug|x86.ActiveCfg = Debug|Any CPU
		{44C5FD62-F6DA-47B0-A30E-F1C60ACE812E}.Debug|x86.Build.0 = Debug|Any CPU
		{44C5FD62-F6DA-47B0-A30E-F1C60ACE812E}.Release|Any CPU.ActiveCfg = Release|Any CPU
		{44C5FD62-F6DA-47B0-A30E-F1C60ACE812E}.Release|Any CPU.Build.0 = Release|Any CPU
		{44C5FD62-F6DA-47B0-A30E-F1C60ACE812E}.Release|x64.ActiveCfg = Release|Any CPU
		{44C5FD62-F6DA-47B0-A30E-F1C60ACE812E}.Release|x64.Build.0 = Release|Any CPU
		{44C5FD62-F6DA-47B0-A30E-F1C60ACE812E}.Release|x86.ActiveCfg = Release|Any CPU
		{44C5FD62-F6DA-47B0-A30E-F1C60ACE812E}.Release|x86.Build.0 = Release|Any CPU
		{9BF4D21F-A761-44F5-9D89-95B5D7F50032}.Debug|Any CPU.ActiveCfg = Debug|Any CPU
		{9BF4D21F-A761-44F5-9D89-95B5D7F50032}.Debug|Any CPU.Build.0 = Debug|Any CPU
		{9BF4D21F-A761-44F5-9D89-95B5D7F50032}.Debug|x64.ActiveCfg = Debug|Any CPU
		{9BF4D21F-A761-44F5-9D89-95B5D7F50032}.Debug|x64.Build.0 = Debug|Any CPU
		{9BF4D21F-A761-44F5-9D89-95B5D7F50032}.Debug|x86.ActiveCfg = Debug|Any CPU
		{9BF4D21F-A761-44F5-9D89-95B5D7F50032}.Debug|x86.Build.0 = Debug|Any CPU
		{9BF4D21F-A761-44F5-9D89-95B5D7F50032}.Release|Any CPU.ActiveCfg = Release|Any CPU
		{9BF4D21F-A761-44F5-9D89-95B5D7F50032}.Release|Any CPU.Build.0 = Release|Any CPU
		{9BF4D21F-A761-44F5-9D89-95B5D7F50032}.Release|x64.ActiveCfg = Release|Any CPU
		{9BF4D21F-A761-44F5-9D89-95B5D7F50032}.Release|x64.Build.0 = Release|Any CPU
		{9BF4D21F-A761-44F5-9D89-95B5D7F50032}.Release|x86.ActiveCfg = Release|Any CPU
		{9BF4D21F-A761-44F5-9D89-95B5D7F50032}.Release|x86.Build.0 = Release|Any CPU
	EndGlobalSection
EndGlobal
