
Microsoft Visual Studio Solution File, Format Version 12.00
# Visual Studio Version 16
VisualStudioVersion = 16.6.30114.105
MinimumVisualStudioVersion = 10.0.40219.1
Project("{FAE04EC0-301F-11D3-BF4B-00C04F79EFBC}") = "Penguin.Cms.Auditing.Local", "Penguin.Cms.Auditing.Local.csproj", "{80F880ED-F45B-4EB7-98D4-E634BBAE01B0}"
EndProject
Project("{FAE04EC0-301F-11D3-BF4B-00C04F79EFBC}") = "Penguin.Auditing.Abstractions.Local", "..\Penguin.Auditing.Abstractions\Penguin.Auditing.Abstractions.Local.csproj", "{7CCB58F9-4158-4134-8017-3348FD3A9533}"
EndProject
Project("{FAE04EC0-301F-11D3-BF4B-00C04F79EFBC}") = "Penguin.Cms.Abstractions.Local", "..\Penguin.Cms.Abstractions\Penguin.Cms.Abstractions.Local.csproj", "{D6AF6A56-6F23-4B70-8162-F900857B1EFA}"
EndProject
Project("{FAE04EC0-301F-11D3-BF4B-00C04F79EFBC}") = "Penguin.DependencyInjection.Abstractions.Local", "..\Penguin.DependencyInjection.Abstractions\Penguin.DependencyInjection.Abstractions.Local.csproj", "{068221EC-A657-41C0-A460-1C1888E61D69}"
EndProject
Project("{FAE04EC0-301F-11D3-BF4B-00C04F79EFBC}") = "Penguin.Persistence.Abstractions.Local", "..\Penguin.Persistence.Abstractions\Penguin.Persistence.Abstractions.Local.csproj", "{37651618-7442-47F0-B4EC-57803EAB8DA9}"
EndProject
Project("{FAE04EC0-301F-11D3-BF4B-00C04F79EFBC}") = "Penguin.Entities.Abstractions.Local", "..\Penguin.Entities.Abstractions\Penguin.Entities.Abstractions.Local.csproj", "{67045DD7-8688-4920-A7A6-BEE51A6E817C}"
EndProject
Project("{FAE04EC0-301F-11D3-BF4B-00C04F79EFBC}") = "Penguin.Reflection.Extensions.Local", "..\Penguin.Reflection.Extensions\Penguin.Reflection.Extensions.Local.csproj", "{A2ABCC40-6963-4C81-BA6F-372E8498DE06}"
EndProject
Project("{FAE04EC0-301F-11D3-BF4B-00C04F79EFBC}") = "Penguin.Reflection.Abstractions.Local", "..\Penguin.Reflection.Abstractions\Penguin.Reflection.Abstractions.Local.csproj", "{BDF58EC1-C284-4CA6-86B5-B631029D845B}"
EndProject
Project("{FAE04EC0-301F-11D3-BF4B-00C04F79EFBC}") = "Penguin.Extensions.String.Local", "..\Penguin.Extensions.String\Penguin.Extensions.String.Local.csproj", "{1FE9D85D-5704-43BA-96D7-12CE037CC15D}"
EndProject
Project("{FAE04EC0-301F-11D3-BF4B-00C04F79EFBC}") = "Penguin.Cms.Entities.Local", "..\Penguin.Cms.Entities\Penguin.Cms.Entities.Local.csproj", "{CC1B9BB5-0E6D-4050-9E89-4CE15E65AB8F}"
EndProject
Global
	GlobalSection(SolutionConfigurationPlatforms) = preSolution
		Debug|Any CPU = Debug|Any CPU
		Debug|x64 = Debug|x64
		Debug|x86 = Debug|x86
		Release|Any CPU = Release|Any CPU
		Release|x64 = Release|x64
		Release|x86 = Release|x86
	EndGlobalSection
	GlobalSection(SolutionProperties) = preSolution
		HideSolutionNode = FALSE
	EndGlobalSection
	GlobalSection(ProjectConfigurationPlatforms) = postSolution
		{80F880ED-F45B-4EB7-98D4-E634BBAE01B0}.Debug|Any CPU.ActiveCfg = Debug|Any CPU
		{80F880ED-F45B-4EB7-98D4-E634BBAE01B0}.Debug|Any CPU.Build.0 = Debug|Any CPU
		{80F880ED-F45B-4EB7-98D4-E634BBAE01B0}.Debug|x64.ActiveCfg = Debug|Any CPU
		{80F880ED-F45B-4EB7-98D4-E634BBAE01B0}.Debug|x64.Build.0 = Debug|Any CPU
		{80F880ED-F45B-4EB7-98D4-E634BBAE01B0}.Debug|x86.ActiveCfg = Debug|Any CPU
		{80F880ED-F45B-4EB7-98D4-E634BBAE01B0}.Debug|x86.Build.0 = Debug|Any CPU
		{80F880ED-F45B-4EB7-98D4-E634BBAE01B0}.Release|Any CPU.ActiveCfg = Release|Any CPU
		{80F880ED-F45B-4EB7-98D4-E634BBAE01B0}.Release|Any CPU.Build.0 = Release|Any CPU
		{80F880ED-F45B-4EB7-98D4-E634BBAE01B0}.Release|x64.ActiveCfg = Release|Any CPU
		{80F880ED-F45B-4EB7-98D4-E634BBAE01B0}.Release|x64.Build.0 = Release|Any CPU
		{80F880ED-F45B-4EB7-98D4-E634BBAE01B0}.Release|x86.ActiveCfg = Release|Any CPU
		{80F880ED-F45B-4EB7-98D4-E634BBAE01B0}.Release|x86.Build.0 = Release|Any CPU
		{7CCB58F9-4158-4134-8017-3348FD3A9533}.Debug|Any CPU.ActiveCfg = Debug|Any CPU
		{7CCB58F9-4158-4134-8017-3348FD3A9533}.Debug|Any CPU.Build.0 = Debug|Any CPU
		{7CCB58F9-4158-4134-8017-3348FD3A9533}.Debug|x64.ActiveCfg = Debug|Any CPU
		{7CCB58F9-4158-4134-8017-3348FD3A9533}.Debug|x64.Build.0 = Debug|Any CPU
		{7CCB58F9-4158-4134-8017-3348FD3A9533}.Debug|x86.ActiveCfg = Debug|Any CPU
		{7CCB58F9-4158-4134-8017-3348FD3A9533}.Debug|x86.Build.0 = Debug|Any CPU
		{7CCB58F9-4158-4134-8017-3348FD3A9533}.Release|Any CPU.ActiveCfg = Release|Any CPU
		{7CCB58F9-4158-4134-8017-3348FD3A9533}.Release|Any CPU.Build.0 = Release|Any CPU
		{7CCB58F9-4158-4134-8017-3348FD3A9533}.Release|x64.ActiveCfg = Release|Any CPU
		{7CCB58F9-4158-4134-8017-3348FD3A9533}.Release|x64.Build.0 = Release|Any CPU
		{7CCB58F9-4158-4134-8017-3348FD3A9533}.Release|x86.ActiveCfg = Release|Any CPU
		{7CCB58F9-4158-4134-8017-3348FD3A9533}.Release|x86.Build.0 = Release|Any CPU
		{D6AF6A56-6F23-4B70-8162-F900857B1EFA}.Debug|Any CPU.ActiveCfg = Debug|Any CPU
		{D6AF6A56-6F23-4B70-8162-F900857B1EFA}.Debug|Any CPU.Build.0 = Debug|Any CPU
		{D6AF6A56-6F23-4B70-8162-F900857B1EFA}.Debug|x64.ActiveCfg = Debug|Any CPU
		{D6AF6A56-6F23-4B70-8162-F900857B1EFA}.Debug|x64.Build.0 = Debug|Any CPU
		{D6AF6A56-6F23-4B70-8162-F900857B1EFA}.Debug|x86.ActiveCfg = Debug|Any CPU
		{D6AF6A56-6F23-4B70-8162-F900857B1EFA}.Debug|x86.Build.0 = Debug|Any CPU
		{D6AF6A56-6F23-4B70-8162-F900857B1EFA}.Release|Any CPU.ActiveCfg = Release|Any CPU
		{D6AF6A56-6F23-4B70-8162-F900857B1EFA}.Release|Any CPU.Build.0 = Release|Any CPU
		{D6AF6A56-6F23-4B70-8162-F900857B1EFA}.Release|x64.ActiveCfg = Release|Any CPU
		{D6AF6A56-6F23-4B70-8162-F900857B1EFA}.Release|x64.Build.0 = Release|Any CPU
		{D6AF6A56-6F23-4B70-8162-F900857B1EFA}.Release|x86.ActiveCfg = Release|Any CPU
		{D6AF6A56-6F23-4B70-8162-F900857B1EFA}.Release|x86.Build.0 = Release|Any CPU
		{068221EC-A657-41C0-A460-1C1888E61D69}.Debug|Any CPU.ActiveCfg = Debug|Any CPU
		{068221EC-A657-41C0-A460-1C1888E61D69}.Debug|Any CPU.Build.0 = Debug|Any CPU
		{068221EC-A657-41C0-A460-1C1888E61D69}.Debug|x64.ActiveCfg = Debug|Any CPU
		{068221EC-A657-41C0-A460-1C1888E61D69}.Debug|x64.Build.0 = Debug|Any CPU
		{068221EC-A657-41C0-A460-1C1888E61D69}.Debug|x86.ActiveCfg = Debug|Any CPU
		{068221EC-A657-41C0-A460-1C1888E61D69}.Debug|x86.Build.0 = Debug|Any CPU
		{068221EC-A657-41C0-A460-1C1888E61D69}.Release|Any CPU.ActiveCfg = Release|Any CPU
		{068221EC-A657-41C0-A460-1C1888E61D69}.Release|Any CPU.Build.0 = Release|Any CPU
		{068221EC-A657-41C0-A460-1C1888E61D69}.Release|x64.ActiveCfg = Release|Any CPU
		{068221EC-A657-41C0-A460-1C1888E61D69}.Release|x64.Build.0 = Release|Any CPU
		{068221EC-A657-41C0-A460-1C1888E61D69}.Release|x86.ActiveCfg = Release|Any CPU
		{068221EC-A657-41C0-A460-1C1888E61D69}.Release|x86.Build.0 = Release|Any CPU
		{37651618-7442-47F0-B4EC-57803EAB8DA9}.Debug|Any CPU.ActiveCfg = Debug|Any CPU
		{37651618-7442-47F0-B4EC-57803EAB8DA9}.Debug|Any CPU.Build.0 = Debug|Any CPU
		{37651618-7442-47F0-B4EC-57803EAB8DA9}.Debug|x64.ActiveCfg = Debug|Any CPU
		{37651618-7442-47F0-B4EC-57803EAB8DA9}.Debug|x64.Build.0 = Debug|Any CPU
		{37651618-7442-47F0-B4EC-57803EAB8DA9}.Debug|x86.ActiveCfg = Debug|Any CPU
		{37651618-7442-47F0-B4EC-57803EAB8DA9}.Debug|x86.Build.0 = Debug|Any CPU
		{37651618-7442-47F0-B4EC-57803EAB8DA9}.Release|Any CPU.ActiveCfg = Release|Any CPU
		{37651618-7442-47F0-B4EC-57803EAB8DA9}.Release|Any CPU.Build.0 = Release|Any CPU
		{37651618-7442-47F0-B4EC-57803EAB8DA9}.Release|x64.ActiveCfg = Release|Any CPU
		{37651618-7442-47F0-B4EC-57803EAB8DA9}.Release|x64.Build.0 = Release|Any CPU
		{37651618-7442-47F0-B4EC-57803EAB8DA9}.Release|x86.ActiveCfg = Release|Any CPU
		{37651618-7442-47F0-B4EC-57803EAB8DA9}.Release|x86.Build.0 = Release|Any CPU
		{67045DD7-8688-4920-A7A6-BEE51A6E817C}.Debug|Any CPU.ActiveCfg = Debug|Any CPU
		{67045DD7-8688-4920-A7A6-BEE51A6E817C}.Debug|Any CPU.Build.0 = Debug|Any CPU
		{67045DD7-8688-4920-A7A6-BEE51A6E817C}.Debug|x64.ActiveCfg = Debug|Any CPU
		{67045DD7-8688-4920-A7A6-BEE51A6E817C}.Debug|x64.Build.0 = Debug|Any CPU
		{67045DD7-8688-4920-A7A6-BEE51A6E817C}.Debug|x86.ActiveCfg = Debug|Any CPU
		{67045DD7-8688-4920-A7A6-BEE51A6E817C}.Debug|x86.Build.0 = Debug|Any CPU
		{67045DD7-8688-4920-A7A6-BEE51A6E817C}.Release|Any CPU.ActiveCfg = Release|Any CPU
		{67045DD7-8688-4920-A7A6-BEE51A6E817C}.Release|Any CPU.Build.0 = Release|Any CPU
		{67045DD7-8688-4920-A7A6-BEE51A6E817C}.Release|x64.ActiveCfg = Release|Any CPU
		{67045DD7-8688-4920-A7A6-BEE51A6E817C}.Release|x64.Build.0 = Release|Any CPU
		{67045DD7-8688-4920-A7A6-BEE51A6E817C}.Release|x86.ActiveCfg = Release|Any CPU
		{67045DD7-8688-4920-A7A6-BEE51A6E817C}.Release|x86.Build.0 = Release|Any CPU
		{A2ABCC40-6963-4C81-BA6F-372E8498DE06}.Debug|Any CPU.ActiveCfg = Debug|Any CPU
		{A2ABCC40-6963-4C81-BA6F-372E8498DE06}.Debug|Any CPU.Build.0 = Debug|Any CPU
		{A2ABCC40-6963-4C81-BA6F-372E8498DE06}.Debug|x64.ActiveCfg = Debug|Any CPU
		{A2ABCC40-6963-4C81-BA6F-372E8498DE06}.Debug|x64.Build.0 = Debug|Any CPU
		{A2ABCC40-6963-4C81-BA6F-372E8498DE06}.Debug|x86.ActiveCfg = Debug|Any CPU
		{A2ABCC40-6963-4C81-BA6F-372E8498DE06}.Debug|x86.Build.0 = Debug|Any CPU
		{A2ABCC40-6963-4C81-BA6F-372E8498DE06}.Release|Any CPU.ActiveCfg = Release|Any CPU
		{A2ABCC40-6963-4C81-BA6F-372E8498DE06}.Release|Any CPU.Build.0 = Release|Any CPU
		{A2ABCC40-6963-4C81-BA6F-372E8498DE06}.Release|x64.ActiveCfg = Release|Any CPU
		{A2ABCC40-6963-4C81-BA6F-372E8498DE06}.Release|x64.Build.0 = Release|Any CPU
		{A2ABCC40-6963-4C81-BA6F-372E8498DE06}.Release|x86.ActiveCfg = Release|Any CPU
		{A2ABCC40-6963-4C81-BA6F-372E8498DE06}.Release|x86.Build.0 = Release|Any CPU
		{BDF58EC1-C284-4CA6-86B5-B631029D845B}.Debug|Any CPU.ActiveCfg = Debug|Any CPU
		{BDF58EC1-C284-4CA6-86B5-B631029D845B}.Debug|Any CPU.Build.0 = Debug|Any CPU
		{BDF58EC1-C284-4CA6-86B5-B631029D845B}.Debug|x64.ActiveCfg = Debug|Any CPU
		{BDF58EC1-C284-4CA6-86B5-B631029D845B}.Debug|x64.Build.0 = Debug|Any CPU
		{BDF58EC1-C284-4CA6-86B5-B631029D845B}.Debug|x86.ActiveCfg = Debug|Any CPU
		{BDF58EC1-C284-4CA6-86B5-B631029D845B}.Debug|x86.Build.0 = Debug|Any CPU
		{BDF58EC1-C284-4CA6-86B5-B631029D845B}.Release|Any CPU.ActiveCfg = Release|Any CPU
		{BDF58EC1-C284-4CA6-86B5-B631029D845B}.Release|Any CPU.Build.0 = Release|Any CPU
		{BDF58EC1-C284-4CA6-86B5-B631029D845B}.Release|x64.ActiveCfg = Release|Any CPU
		{BDF58EC1-C284-4CA6-86B5-B631029D845B}.Release|x64.Build.0 = Release|Any CPU
		{BDF58EC1-C284-4CA6-86B5-B631029D845B}.Release|x86.ActiveCfg = Release|Any CPU
		{BDF58EC1-C284-4CA6-86B5-B631029D845B}.Release|x86.Build.0 = Release|Any CPU
		{1FE9D85D-5704-43BA-96D7-12CE037CC15D}.Debug|Any CPU.ActiveCfg = Debug|Any CPU
		{1FE9D85D-5704-43BA-96D7-12CE037CC15D}.Debug|Any CPU.Build.0 = Debug|Any CPU
		{1FE9D85D-5704-43BA-96D7-12CE037CC15D}.Debug|x64.ActiveCfg = Debug|Any CPU
		{1FE9D85D-5704-43BA-96D7-12CE037CC15D}.Debug|x64.Build.0 = Debug|Any CPU
		{1FE9D85D-5704-43BA-96D7-12CE037CC15D}.Debug|x86.ActiveCfg = Debug|Any CPU
		{1FE9D85D-5704-43BA-96D7-12CE037CC15D}.Debug|x86.Build.0 = Debug|Any CPU
		{1FE9D85D-5704-43BA-96D7-12CE037CC15D}.Release|Any CPU.ActiveCfg = Release|Any CPU
		{1FE9D85D-5704-43BA-96D7-12CE037CC15D}.Release|Any CPU.Build.0 = Release|Any CPU
		{1FE9D85D-5704-43BA-96D7-12CE037CC15D}.Release|x64.ActiveCfg = Release|Any CPU
		{1FE9D85D-5704-43BA-96D7-12CE037CC15D}.Release|x64.Build.0 = Release|Any CPU
		{1FE9D85D-5704-43BA-96D7-12CE037CC15D}.Release|x86.ActiveCfg = Release|Any CPU
		{1FE9D85D-5704-43BA-96D7-12CE037CC15D}.Release|x86.Build.0 = Release|Any CPU
		{CC1B9BB5-0E6D-4050-9E89-4CE15E65AB8F}.Debug|Any CPU.ActiveCfg = Debug|Any CPU
		{CC1B9BB5-0E6D-4050-9E89-4CE15E65AB8F}.Debug|Any CPU.Build.0 = Debug|Any CPU
		{CC1B9BB5-0E6D-4050-9E89-4CE15E65AB8F}.Debug|x64.ActiveCfg = Debug|Any CPU
		{CC1B9BB5-0E6D-4050-9E89-4CE15E65AB8F}.Debug|x64.Build.0 = Debug|Any CPU
		{CC1B9BB5-0E6D-4050-9E89-4CE15E65AB8F}.Debug|x86.ActiveCfg = Debug|Any CPU
		{CC1B9BB5-0E6D-4050-9E89-4CE15E65AB8F}.Debug|x86.Build.0 = Debug|Any CPU
		{CC1B9BB5-0E6D-4050-9E89-4CE15E65AB8F}.Release|Any CPU.ActiveCfg = Release|Any CPU
		{CC1B9BB5-0E6D-4050-9E89-4CE15E65AB8F}.Release|Any CPU.Build.0 = Release|Any CPU
		{CC1B9BB5-0E6D-4050-9E89-4CE15E65AB8F}.Release|x64.ActiveCfg = Release|Any CPU
		{CC1B9BB5-0E6D-4050-9E89-4CE15E65AB8F}.Release|x64.Build.0 = Release|Any CPU
		{CC1B9BB5-0E6D-4050-9E89-4CE15E65AB8F}.Release|x86.ActiveCfg = Release|Any CPU
		{CC1B9BB5-0E6D-4050-9E89-4CE15E65AB8F}.Release|x86.Build.0 = Release|Any CPU
	EndGlobalSection
EndGlobal
